
Microsoft Visual Studio Solution File, Format Version 12.00
# 
VisualStudioVersion = 17.5.002.0
MinimumVisualStudioVersion = 
Project("{2150E333-8FDC-42A3-9474-1A3956D46DE8}") = "src", "src", "{CCEF6B23-F9A0-443A-851B-AC8C6B435B04}"
EndProject
Project("{2150E333-8FDC-42A3-9474-1A3956D46DE8}") = "tests", "tests", "{CCEBCA78-A6EB-4987-9DBA-D19E09CD68B2}"
EndProject
Project("{FAE04EC0-301F-11D3-BF4B-00C04F79EFBC}") = "LibraryV4", "src\LibraryV4\LibraryV4.csproj", "{B254668A-4959-4DC6-BDB9-963DA1735B1A}"
EndProject
Project("{FAE04EC0-301F-11D3-BF4B-00C04F79EFBC}") = "LibraryV4.xUnit.Tests.Api", "tests\LibraryV4.xUnit.Tests.Api\LibraryV4.xUnit.Tests.Api.csproj", "{3B05FA44-A9EF-452F-84DF-5DBA947EE866}"
EndProject
Project("{FAE04EC0-301F-11D3-BF4B-00C04F79EFBC}") = "LibraryV4.NUnit.Api", "tests\LibraryV4.NUnit.Api\LibraryV4.NUnit.Api.csproj", "{61CA6120-994C-40A5-8D9D-FC7B38EBE042}"
EndProject
Project("{FAE04EC0-301F-11D3-BF4B-00C04F79EFBC}") = "LibraryV4.Common.Files.For.Tests", "tests\DocsForTests\LibraryV4.Common.Files.For.Tests.csproj", "{5603FB61-2C83-409D-9954-281322A02ABE}"
EndProject
Global
	GlobalSection(SolutionConfigurationPlatforms) = preSolution
		Debug|Any CPU = Debug|Any CPU
		Release|Any CPU = Release|Any CPU
	EndGlobalSection
	GlobalSection(ProjectConfigurationPlatforms) = postSolution
		{B254668A-4959-4DC6-BDB9-963DA1735B1A}.Debug|Any CPU.ActiveCfg = Debug|Any CPU
		{B254668A-4959-4DC6-BDB9-963DA1735B1A}.Debug|Any CPU.Build.0 = Debug|Any CPU
		{B254668A-4959-4DC6-BDB9-963DA1735B1A}.Release|Any CPU.ActiveCfg = Release|Any CPU
		{B254668A-4959-4DC6-BDB9-963DA1735B1A}.Release|Any CPU.Build.0 = Release|Any CPU
		{3B05FA44-A9EF-452F-84DF-5DBA947EE866}.Debug|Any CPU.ActiveCfg = Debug|Any CPU
		{3B05FA44-A9EF-452F-84DF-5DBA947EE866}.Debug|Any CPU.Build.0 = Debug|Any CPU
		{3B05FA44-A9EF-452F-84DF-5DBA947EE866}.Release|Any CPU.ActiveCfg = Release|Any CPU
		{3B05FA44-A9EF-452F-84DF-5DBA947EE866}.Release|Any CPU.Build.0 = Release|Any CPU
		{61CA6120-994C-40A5-8D9D-FC7B38EBE042}.Debug|Any CPU.ActiveCfg = Debug|Any CPU
		{61CA6120-994C-40A5-8D9D-FC7B38EBE042}.Debug|Any CPU.Build.0 = Debug|Any CPU
		{61CA6120-994C-40A5-8D9D-FC7B38EBE042}.Release|Any CPU.ActiveCfg = Release|Any CPU
		{61CA6120-994C-40A5-8D9D-FC7B38EBE042}.Release|Any CPU.Build.0 = Release|Any CPU
		{5603FB61-2C83-409D-9954-281322A02ABE}.Debug|Any CPU.ActiveCfg = Debug|Any CPU
		{5603FB61-2C83-409D-9954-281322A02ABE}.Debug|Any CPU.Build.0 = Debug|Any CPU
		{5603FB61-2C83-409D-9954-281322A02ABE}.Release|Any CPU.ActiveCfg = Release|Any CPU
		{5603FB61-2C83-409D-9954-281322A02ABE}.Release|Any CPU.Build.0 = Release|Any CPU
	EndGlobalSection
	GlobalSection(SolutionProperties) = preSolution
		HideSolutionNode = FALSE
	EndGlobalSection
	GlobalSection(NestedProjects) = preSolution
		{B254668A-4959-4DC6-BDB9-963DA1735B1A} = {CCEF6B23-F9A0-443A-851B-AC8C6B435B04}
		{3B05FA44-A9EF-452F-84DF-5DBA947EE866} = {CCEBCA78-A6EB-4987-9DBA-D19E09CD68B2}
		{61CA6120-994C-40A5-8D9D-FC7B38EBE042} = {CCEBCA78-A6EB-4987-9DBA-D19E09CD68B2}
		{5603FB61-2C83-409D-9954-281322A02ABE} = {CCEBCA78-A6EB-4987-9DBA-D19E09CD68B2}
	EndGlobalSection
EndGlobal
